
Microsoft Visual Studio Solution File, Format Version 12.00
# Visual Studio Version 17
VisualStudioVersion = 17.6.33723.286
MinimumVisualStudioVersion = 10.0.40219.1
Project("{8BC9CEB8-8B4A-11D0-8D11-00A0C91BC942}") = "Inheritance", "Inheritance\Inheritance.vcxproj", "{08595F8F-CEF6-4C9A-A36C-9D24037B66AE}"
EndProject
Project("{8BC9CEB8-8B4A-11D0-8D11-00A0C91BC942}") = "Academy", "Academy\Academy.vcxproj", "{DFBB3607-AA2F-4253-A846-D84296ED402E}"
EndProject
Project("{8BC9CEB8-8B4A-11D0-8D11-00A0C91BC942}") = "Files", "Files\Files.vcxproj", "{4278D98C-23F0-4EEE-B8C2-84FFC5104979}"
EndProject
Project("{8BC9CEB8-8B4A-11D0-8D11-00A0C91BC942}") = "Abstract", "Abstract\Abstract.vcxproj", "{E7515791-AFE5-4FC3-8BDD-B128836CAAEE}"
EndProject
Global
	GlobalSection(SolutionConfigurationPlatforms) = preSolution
		Debug|x64 = Debug|x64
		Debug|x86 = Debug|x86
		Release|x64 = Release|x64
		Release|x86 = Release|x86
	EndGlobalSection
	GlobalSection(ProjectConfigurationPlatforms) = postSolution
		{08595F8F-CEF6-4C9A-A36C-9D24037B66AE}.Debug|x64.ActiveCfg = Debug|x64
		{08595F8F-CEF6-4C9A-A36C-9D24037B66AE}.Debug|x64.Build.0 = Debug|x64
		{08595F8F-CEF6-4C9A-A36C-9D24037B66AE}.Debug|x86.ActiveCfg = Debug|Win32
		{08595F8F-CEF6-4C9A-A36C-9D24037B66AE}.Debug|x86.Build.0 = Debug|Win32
		{08595F8F-CEF6-4C9A-A36C-9D24037B66AE}.Release|x64.ActiveCfg = Release|x64
		{08595F8F-CEF6-4C9A-A36C-9D24037B66AE}.Release|x64.Build.0 = Release|x64
		{08595F8F-CEF6-4C9A-A36C-9D24037B66AE}.Release|x86.ActiveCfg = Release|Win32
		{08595F8F-CEF6-4C9A-A36C-9D24037B66AE}.Release|x86.Build.0 = Release|Win32
		{DFBB3607-AA2F-4253-A846-D84296ED402E}.Debug|x64.ActiveCfg = Debug|x64
		{DFBB3607-AA2F-4253-A846-D84296ED402E}.Debug|x64.Build.0 = Debug|x64
		{DFBB3607-AA2F-4253-A846-D84296ED402E}.Debug|x86.ActiveCfg = Debug|Win32
		{DFBB3607-AA2F-4253-A846-D84296ED402E}.Debug|x86.Build.0 = Debug|Win32
		{DFBB3607-AA2F-4253-A846-D84296ED402E}.Release|x64.ActiveCfg = Release|x64
		{DFBB3607-AA2F-4253-A846-D84296ED402E}.Release|x64.Build.0 = Release|x64
		{DFBB3607-AA2F-4253-A846-D84296ED402E}.Release|x86.ActiveCfg = Release|Win32
		{DFBB3607-AA2F-4253-A846-D84296ED402E}.Release|x86.Build.0 = Release|Win32
		{4278D98C-23F0-4EEE-B8C2-84FFC5104979}.Debug|x64.ActiveCfg = Debug|x64
		{4278D98C-23F0-4EEE-B8C2-84FFC5104979}.Debug|x64.Build.0 = Debug|x64
		{4278D98C-23F0-4EEE-B8C2-84FFC5104979}.Debug|x86.ActiveCfg = Debug|Win32
		{4278D98C-23F0-4EEE-B8C2-84FFC5104979}.Debug|x86.Build.0 = Debug|Win32
		{4278D98C-23F0-4EEE-B8C2-84FFC5104979}.Release|x64.ActiveCfg = Release|x64
		{4278D98C-23F0-4EEE-B8C2-84FFC5104979}.Release|x64.Build.0 = Release|x64
		{4278D98C-23F0-4EEE-B8C2-84FFC5104979}.Release|x86.ActiveCfg = Release|Win32
		{4278D98C-23F0-4EEE-B8C2-84FFC5104979}.Release|x86.Build.0 = Release|Win32
		{E7515791-AFE5-4FC3-8BDD-B128836CAAEE}.Debug|x64.ActiveCfg = Debug|x64
		{E7515791-AFE5-4FC3-8BDD-B128836CAAEE}.Debug|x64.Build.0 = Debug|x64
		{E7515791-AFE5-4FC3-8BDD-B128836CAAEE}.Debug|x86.ActiveCfg = Debug|Win32
		{E7515791-AFE5-4FC3-8BDD-B128836CAAEE}.Debug|x86.Build.0 = Debug|Win32
		{E7515791-AFE5-4FC3-8BDD-B128836CAAEE}.Release|x64.ActiveCfg = Release|x64
		{E7515791-AFE5-4FC3-8BDD-B128836CAAEE}.Release|x64.Build.0 = Release|x64
		{E7515791-AFE5-4FC3-8BDD-B128836CAAEE}.Release|x86.ActiveCfg = Release|Win32
		{E7515791-AFE5-4FC3-8BDD-B128836CAAEE}.Release|x86.Build.0 = Release|Win32
	EndGlobalSection
	GlobalSection(SolutionProperties) = preSolution
		HideSolutionNode = FALSE
	EndGlobalSection
	GlobalSection(ExtensibilityGlobals) = postSolution
		SolutionGuid = {2A32D9AE-219B-43E6-BF10-D6FFC0FEEC7C}
	EndGlobalSection
EndGlobal
